// !$*UTF8*$!
{
	archiveVersion = 1;
	classes = {
	};
	objectVersion = 55;
	objects = {

/* Begin PBXBuildFile section */
		4AE7206E28AC76E300FAF7FA /* day_19_challengeApp.swift in Sources */ = {isa = PBXBuildFile; fileRef = 4AE7206D28AC76E300FAF7FA /* day_19_challengeApp.swift */; };
		4AE7207028AC76E300FAF7FA /* ContentView.swift in Sources */ = {isa = PBXBuildFile; fileRef = 4AE7206F28AC76E300FAF7FA /* ContentView.swift */; };
		4AE7207228AC76E400FAF7FA /* Assets.xcassets in Resources */ = {isa = PBXBuildFile; fileRef = 4AE7207128AC76E400FAF7FA /* Assets.xcassets */; };
		4AE7207528AC76E400FAF7FA /* Preview Assets.xcassets in Resources */ = {isa = PBXBuildFile; fileRef = 4AE7207428AC76E400FAF7FA /* Preview Assets.xcassets */; };
		4AE7207F28AC76E400FAF7FA /* day_19_challengeTests.swift in Sources */ = {isa = PBXBuildFile; fileRef = 4AE7207E28AC76E400FAF7FA /* day_19_challengeTests.swift */; };
		4AE7208928AC76E400FAF7FA /* day_19_challengeUITests.swift in Sources */ = {isa = PBXBuildFile; fileRef = 4AE7208828AC76E400FAF7FA /* day_19_challengeUITests.swift */; };
		4AE7208B28AC76E400FAF7FA /* day_19_challengeUITestsLaunchTests.swift in Sources */ = {isa = PBXBuildFile; fileRef = 4AE7208A28AC76E400FAF7FA /* day_19_challengeUITestsLaunchTests.swift */; };
/* End PBXBuildFile section */

/* Begin PBXContainerItemProxy section */
		4AE7207B28AC76E400FAF7FA /* PBXContainerItemProxy */ = {
			isa = PBXContainerItemProxy;
			containerPortal = 4AE7206228AC76E300FAF7FA /* Project object */;
			proxyType = 1;
			remoteGlobalIDString = 4AE7206928AC76E300FAF7FA;
			remoteInfo = "day 19 challenge";
		};
		4AE7208528AC76E400FAF7FA /* PBXContainerItemProxy */ = {
			isa = PBXContainerItemProxy;
			containerPortal = 4AE7206228AC76E300FAF7FA /* Project object */;
			proxyType = 1;
			remoteGlobalIDString = 4AE7206928AC76E300FAF7FA;
			remoteInfo = "day 19 challenge";
		};
/* End PBXContainerItemProxy section */

/* Begin PBXFileReference section */
		4AE7206A28AC76E300FAF7FA /* day 19 challenge.app */ = {isa = PBXFileReference; explicitFileType = wrapper.application; includeInIndex = 0; path = "day 19 challenge.app"; sourceTree = BUILT_PRODUCTS_DIR; };
		4AE7206D28AC76E300FAF7FA /* day_19_challengeApp.swift */ = {isa = PBXFileReference; lastKnownFileType = sourcecode.swift; path = day_19_challengeApp.swift; sourceTree = "<group>"; };
		4AE7206F28AC76E300FAF7FA /* ContentView.swift */ = {isa = PBXFileReference; lastKnownFileType = sourcecode.swift; path = ContentView.swift; sourceTree = "<group>"; };
		4AE7207128AC76E400FAF7FA /* Assets.xcassets */ = {isa = PBXFileReference; lastKnownFileType = folder.assetcatalog; path = Assets.xcassets; sourceTree = "<group>"; };
		4AE7207428AC76E400FAF7FA /* Preview Assets.xcassets */ = {isa = PBXFileReference; lastKnownFileType = folder.assetcatalog; path = "Preview Assets.xcassets"; sourceTree = "<group>"; };
		4AE7207A28AC76E400FAF7FA /* day 19 challengeTests.xctest */ = {isa = PBXFileReference; explicitFileType = wrapper.cfbundle; includeInIndex = 0; path = "day 19 challengeTests.xctest"; sourceTree = BUILT_PRODUCTS_DIR; };
		4AE7207E28AC76E400FAF7FA /* day_19_challengeTests.swift */ = {isa = PBXFileReference; lastKnownFileType = sourcecode.swift; path = day_19_challengeTests.swift; sourceTree = "<group>"; };
		4AE7208428AC76E400FAF7FA /* day 19 challengeUITests.xctest */ = {isa = PBXFileReference; explicitFileType = wrapper.cfbundle; includeInIndex = 0; path = "day 19 challengeUITests.xctest"; sourceTree = BUILT_PRODUCTS_DIR; };
		4AE7208828AC76E400FAF7FA /* day_19_challengeUITests.swift */ = {isa = PBXFileReference; lastKnownFileType = sourcecode.swift; path = day_19_challengeUITests.swift; sourceTree = "<group>"; };
		4AE7208A28AC76E400FAF7FA /* day_19_challengeUITestsLaunchTests.swift */ = {isa = PBXFileReference; lastKnownFileType = sourcecode.swift; path = day_19_challengeUITestsLaunchTests.swift; sourceTree = "<group>"; };
/* End PBXFileReference section */

/* Begin PBXFrameworksBuildPhase section */
		4AE7206728AC76E300FAF7FA /* Frameworks */ = {
			isa = PBXFrameworksBuildPhase;
			buildActionMask = 2147483647;
			files = (
			);
			runOnlyForDeploymentPostprocessing = 0;
		};
		4AE7207728AC76E400FAF7FA /* Frameworks */ = {
			isa = PBXFrameworksBuildPhase;
			buildActionMask = 2147483647;
			files = (
			);
			runOnlyForDeploymentPostprocessing = 0;
		};
		4AE7208128AC76E400FAF7FA /* Frameworks */ = {
			isa = PBXFrameworksBuildPhase;
			buildActionMask = 2147483647;
			files = (
			);
			runOnlyForDeploymentPostprocessing = 0;
		};
/* End PBXFrameworksBuildPhase section */

/* Begin PBXGroup section */
		4AE7206128AC76E300FAF7FA = {
			isa = PBXGroup;
			children = (
				4AE7206C28AC76E300FAF7FA /* day 19 challenge */,
				4AE7207D28AC76E400FAF7FA /* day 19 challengeTests */,
				4AE7208728AC76E400FAF7FA /* day 19 challengeUITests */,
				4AE7206B28AC76E300FAF7FA /* Products */,
			);
			sourceTree = "<group>";
		};
		4AE7206B28AC76E300FAF7FA /* Products */ = {
			isa = PBXGroup;
			children = (
				4AE7206A28AC76E300FAF7FA /* day 19 challenge.app */,
				4AE7207A28AC76E400FAF7FA /* day 19 challengeTests.xctest */,
				4AE7208428AC76E400FAF7FA /* day 19 challengeUITests.xctest */,
			);
			name = Products;
			sourceTree = "<group>";
		};
		4AE7206C28AC76E300FAF7FA /* day 19 challenge */ = {
			isa = PBXGroup;
			children = (
				4AE7206D28AC76E300FAF7FA /* day_19_challengeApp.swift */,
				4AE7206F28AC76E300FAF7FA /* ContentView.swift */,
				4AE7207128AC76E400FAF7FA /* Assets.xcassets */,
				4AE7207328AC76E400FAF7FA /* Preview Content */,
			);
			path = "day 19 challenge";
			sourceTree = "<group>";
		};
		4AE7207328AC76E400FAF7FA /* Preview Content */ = {
			isa = PBXGroup;
			children = (
				4AE7207428AC76E400FAF7FA /* Preview Assets.xcassets */,
			);
			path = "Preview Content";
			sourceTree = "<group>";
		};
		4AE7207D28AC76E400FAF7FA /* day 19 challengeTests */ = {
			isa = PBXGroup;
			children = (
				4AE7207E28AC76E400FAF7FA /* day_19_challengeTests.swift */,
			);
			path = "day 19 challengeTests";
			sourceTree = "<group>";
		};
		4AE7208728AC76E400FAF7FA /* day 19 challengeUITests */ = {
			isa = PBXGroup;
			children = (
				4AE7208828AC76E400FAF7FA /* day_19_challengeUITests.swift */,
				4AE7208A28AC76E400FAF7FA /* day_19_challengeUITestsLaunchTests.swift */,
			);
			path = "day 19 challengeUITests";
			sourceTree = "<group>";
		};
/* End PBXGroup section */

/* Begin PBXNativeTarget section */
		4AE7206928AC76E300FAF7FA /* day 19 challenge */ = {
			isa = PBXNativeTarget;
			buildConfigurationList = 4AE7208E28AC76E400FAF7FA /* Build configuration list for PBXNativeTarget "day 19 challenge" */;
			buildPhases = (
				4AE7206628AC76E300FAF7FA /* Sources */,
				4AE7206728AC76E300FAF7FA /* Frameworks */,
				4AE7206828AC76E300FAF7FA /* Resources */,
			);
			buildRules = (
			);
			dependencies = (
			);
			name = "day 19 challenge";
			productName = "day 19 challenge";
			productReference = 4AE7206A28AC76E300FAF7FA /* day 19 challenge.app */;
			productType = "com.apple.product-type.application";
		};
		4AE7207928AC76E400FAF7FA /* day 19 challengeTests */ = {
			isa = PBXNativeTarget;
			buildConfigurationList = 4AE7209128AC76E400FAF7FA /* Build configuration list for PBXNativeTarget "day 19 challengeTests" */;
			buildPhases = (
				4AE7207628AC76E400FAF7FA /* Sources */,
				4AE7207728AC76E400FAF7FA /* Frameworks */,
				4AE7207828AC76E400FAF7FA /* Resources */,
			);
			buildRules = (
			);
			dependencies = (
				4AE7207C28AC76E400FAF7FA /* PBXTargetDependency */,
			);
			name = "day 19 challengeTests";
			productName = "day 19 challengeTests";
			productReference = 4AE7207A28AC76E400FAF7FA /* day 19 challengeTests.xctest */;
			productType = "com.apple.product-type.bundle.unit-test";
		};
		4AE7208328AC76E400FAF7FA /* day 19 challengeUITests */ = {
			isa = PBXNativeTarget;
			buildConfigurationList = 4AE7209428AC76E400FAF7FA /* Build configuration list for PBXNativeTarget "day 19 challengeUITests" */;
			buildPhases = (
				4AE7208028AC76E400FAF7FA /* Sources */,
				4AE7208128AC76E400FAF7FA /* Frameworks */,
				4AE7208228AC76E400FAF7FA /* Resources */,
			);
			buildRules = (
			);
			dependencies = (
				4AE7208628AC76E400FAF7FA /* PBXTargetDependency */,
			);
			name = "day 19 challengeUITests";
			productName = "day 19 challengeUITests";
			productReference = 4AE7208428AC76E400FAF7FA /* day 19 challengeUITests.xctest */;
			productType = "com.apple.product-type.bundle.ui-testing";
		};
/* End PBXNativeTarget section */

/* Begin PBXProject section */
		4AE7206228AC76E300FAF7FA /* Project object */ = {
			isa = PBXProject;
			attributes = {
				BuildIndependentTargetsInParallel = 1;
				LastSwiftUpdateCheck = 1340;
				LastUpgradeCheck = 1340;
				TargetAttributes = {
					4AE7206928AC76E300FAF7FA = {
						CreatedOnToolsVersion = 13.4.1;
					};
					4AE7207928AC76E400FAF7FA = {
						CreatedOnToolsVersion = 13.4.1;
						TestTargetID = 4AE7206928AC76E300FAF7FA;
					};
					4AE7208328AC76E400FAF7FA = {
						CreatedOnToolsVersion = 13.4.1;
						TestTargetID = 4AE7206928AC76E300FAF7FA;
					};
				};
			};
			buildConfigurationList = 4AE7206528AC76E300FAF7FA /* Build configuration list for PBXProject "day 19 challenge" */;
			compatibilityVersion = "Xcode 13.0";
			developmentRegion = en;
			hasScannedForEncodings = 0;
			knownRegions = (
				en,
				Base,
			);
			mainGroup = 4AE7206128AC76E300FAF7FA;
			productRefGroup = 4AE7206B28AC76E300FAF7FA /* Products */;
			projectDirPath = "";
			projectRoot = "";
			targets = (
				4AE7206928AC76E300FAF7FA /* day 19 challenge */,
				4AE7207928AC76E400FAF7FA /* day 19 challengeTests */,
				4AE7208328AC76E400FAF7FA /* day 19 challengeUITests */,
			);
		};
/* End PBXProject section */

/* Begin PBXResourcesBuildPhase section */
		4AE7206828AC76E300FAF7FA /* Resources */ = {
			isa = PBXResourcesBuildPhase;
			buildActionMask = 2147483647;
			files = (
				4AE7207528AC76E400FAF7FA /* Preview Assets.xcassets in Resources */,
				4AE7207228AC76E400FAF7FA /* Assets.xcassets in Resources */,
			);
			runOnlyForDeploymentPostprocessing = 0;
		};
		4AE7207828AC76E400FAF7FA /* Resources */ = {
			isa = PBXResourcesBuildPhase;
			buildActionMask = 2147483647;
			files = (
			);
			runOnlyForDeploymentPostprocessing = 0;
		};
		4AE7208228AC76E400FAF7FA /* Resources */ = {
			isa = PBXResourcesBuildPhase;
			buildActionMask = 2147483647;
			files = (
			);
			runOnlyForDeploymentPostprocessing = 0;
		};
/* End PBXResourcesBuildPhase section */

/* Begin PBXSourcesBuildPhase section */
		4AE7206628AC76E300FAF7FA /* Sources */ = {
			isa = PBXSourcesBuildPhase;
			buildActionMask = 2147483647;
			files = (
				4AE7207028AC76E300FAF7FA /* ContentView.swift in Sources */,
				4AE7206E28AC76E300FAF7FA /* day_19_challengeApp.swift in Sources */,
			);
			runOnlyForDeploymentPostprocessing = 0;
		};
		4AE7207628AC76E400FAF7FA /* Sources */ = {
			isa = PBXSourcesBuildPhase;
			buildActionMask = 2147483647;
			files = (
				4AE7207F28AC76E400FAF7FA /* day_19_challengeTests.swift in Sources */,
			);
			runOnlyForDeploymentPostprocessing = 0;
		};
		4AE7208028AC76E400FAF7FA /* Sources */ = {
			isa = PBXSourcesBuildPhase;
			buildActionMask = 2147483647;
			files = (
				4AE7208928AC76E400FAF7FA /* day_19_challengeUITests.swift in Sources */,
				4AE7208B28AC76E400FAF7FA /* day_19_challengeUITestsLaunchTests.swift in Sources */,
			);
			runOnlyForDeploymentPostprocessing = 0;
		};
/* End PBXSourcesBuildPhase section */

/* Begin PBXTargetDependency section */
		4AE7207C28AC76E400FAF7FA /* PBXTargetDependency */ = {
			isa = PBXTargetDependency;
			target = 4AE7206928AC76E300FAF7FA /* day 19 challenge */;
			targetProxy = 4AE7207B28AC76E400FAF7FA /* PBXContainerItemProxy */;
		};
		4AE7208628AC76E400FAF7FA /* PBXTargetDependency */ = {
			isa = PBXTargetDependency;
			target = 4AE7206928AC76E300FAF7FA /* day 19 challenge */;
			targetProxy = 4AE7208528AC76E400FAF7FA /* PBXContainerItemProxy */;
		};
/* End PBXTargetDependency section */

/* Begin XCBuildConfiguration section */
		4AE7208C28AC76E400FAF7FA /* Debug */ = {
			isa = XCBuildConfiguration;
			buildSettings = {
				ALWAYS_SEARCH_USER_PATHS = NO;
				CLANG_ANALYZER_NONNULL = YES;
				CLANG_ANALYZER_NUMBER_OBJECT_CONVERSION = YES_AGGRESSIVE;
				CLANG_CXX_LANGUAGE_STANDARD = "gnu++17";
				CLANG_ENABLE_MODULES = YES;
				CLANG_ENABLE_OBJC_ARC = YES;
				CLANG_ENABLE_OBJC_WEAK = YES;
				CLANG_WARN_BLOCK_CAPTURE_AUTORELEASING = YES;
				CLANG_WARN_BOOL_CONVERSION = YES;
				CLANG_WARN_COMMA = YES;
				CLANG_WARN_CONSTANT_CONVERSION = YES;
				CLANG_WARN_DEPRECATED_OBJC_IMPLEMENTATIONS = YES;
				CLANG_WARN_DIRECT_OBJC_ISA_USAGE = YES_ERROR;
				CLANG_WARN_DOCUMENTATION_COMMENTS = YES;
				CLANG_WARN_EMPTY_BODY = YES;
				CLANG_WARN_ENUM_CONVERSION = YES;
				CLANG_WARN_INFINITE_RECURSION = YES;
				CLANG_WARN_INT_CONVERSION = YES;
				CLANG_WARN_NON_LITERAL_NULL_CONVERSION = YES;
				CLANG_WARN_OBJC_IMPLICIT_RETAIN_SELF = YES;
				CLANG_WARN_OBJC_LITERAL_CONVERSION = YES;
				CLANG_WARN_OBJC_ROOT_CLASS = YES_ERROR;
				CLANG_WARN_QUOTED_INCLUDE_IN_FRAMEWORK_HEADER = YES;
				CLANG_WARN_RANGE_LOOP_ANALYSIS = YES;
				CLANG_WARN_STRICT_PROTOTYPES = YES;
				CLANG_WARN_SUSPICIOUS_MOVE = YES;
				CLANG_WARN_UNGUARDED_AVAILABILITY = YES_AGGRESSIVE;
				CLANG_WARN_UNREACHABLE_CODE = YES;
				CLANG_WARN__DUPLICATE_METHOD_MATCH = YES;
				COPY_PHASE_STRIP = NO;
				DEBUG_INFORMATION_FORMAT = dwarf;
				ENABLE_STRICT_OBJC_MSGSEND = YES;
				ENABLE_TESTABILITY = YES;
				GCC_C_LANGUAGE_STANDARD = gnu11;
				GCC_DYNAMIC_NO_PIC = NO;
				GCC_NO_COMMON_BLOCKS = YES;
				GCC_OPTIMIZATION_LEVEL = 0;
				GCC_PREPROCESSOR_DEFINITIONS = (
					"DEBUG=1",
					"$(inherited)",
				);
				GCC_WARN_64_TO_32_BIT_CONVERSION = YES;
				GCC_WARN_ABOUT_RETURN_TYPE = YES_ERROR;
				GCC_WARN_UNDECLARED_SELECTOR = YES;
				GCC_WARN_UNINITIALIZED_AUTOS = YES_AGGRESSIVE;
				GCC_WARN_UNUSED_FUNCTION = YES;
				GCC_WARN_UNUSED_VARIABLE = YES;
				IPHONEOS_DEPLOYMENT_TARGET = 15.5;
				MTL_ENABLE_DEBUG_INFO = INCLUDE_SOURCE;
				MTL_FAST_MATH = YES;
				ONLY_ACTIVE_ARCH = YES;
				SDKROOT = iphoneos;
				SWIFT_ACTIVE_COMPILATION_CONDITIONS = DEBUG;
				SWIFT_OPTIMIZATION_LEVEL = "-Onone";
			};
			name = Debug;
		};
		4AE7208D28AC76E400FAF7FA /* Release */ = {
			isa = XCBuildConfiguration;
			buildSettings = {
				ALWAYS_SEARCH_USER_PATHS = NO;
				CLANG_ANALYZER_NONNULL = YES;
				CLANG_ANALYZER_NUMBER_OBJECT_CONVERSION = YES_AGGRESSIVE;
				CLANG_CXX_LANGUAGE_STANDARD = "gnu++17";
				CLANG_ENABLE_MODULES = YES;
				CLANG_ENABLE_OBJC_ARC = YES;
				CLANG_ENABLE_OBJC_WEAK = YES;
				CLANG_WARN_BLOCK_CAPTURE_AUTORELEASING = YES;
				CLANG_WARN_BOOL_CONVERSION = YES;
				CLANG_WARN_COMMA = YES;
				CLANG_WARN_CONSTANT_CONVERSION = YES;
				CLANG_WARN_DEPRECATED_OBJC_IMPLEMENTATIONS = YES;
				CLANG_WARN_DIRECT_OBJC_ISA_USAGE = YES_ERROR;
				CLANG_WARN_DOCUMENTATION_COMMENTS = YES;
				CLANG_WARN_EMPTY_BODY = YES;
				CLANG_WARN_ENUM_CONVERSION = YES;
				CLANG_WARN_INFINITE_RECURSION = YES;
				CLANG_WARN_INT_CONVERSION = YES;
				CLANG_WARN_NON_LITERAL_NULL_CONVERSION = YES;
				CLANG_WARN_OBJC_IMPLICIT_RETAIN_SELF = YES;
				CLANG_WARN_OBJC_LITERAL_CONVERSION = YES;
				CLANG_WARN_OBJC_ROOT_CLASS = YES_ERROR;
				CLANG_WARN_QUOTED_INCLUDE_IN_FRAMEWORK_HEADER = YES;
				CLANG_WARN_RANGE_LOOP_ANALYSIS = YES;
				CLANG_WARN_STRICT_PROTOTYPES = YES;
				CLANG_WARN_SUSPICIOUS_MOVE = YES;
				CLANG_WARN_UNGUARDED_AVAILABILITY = YES_AGGRESSIVE;
				CLANG_WARN_UNREACHABLE_CODE = YES;
				CLANG_WARN__DUPLICATE_METHOD_MATCH = YES;
				COPY_PHASE_STRIP = NO;
				DEBUG_INFORMATION_FORMAT = "dwarf-with-dsym";
				ENABLE_NS_ASSERTIONS = NO;
				ENABLE_STRICT_OBJC_MSGSEND = YES;
				GCC_C_LANGUAGE_STANDARD = gnu11;
				GCC_NO_COMMON_BLOCKS = YES;
				GCC_WARN_64_TO_32_BIT_CONVERSION = YES;
				GCC_WARN_ABOUT_RETURN_TYPE = YES_ERROR;
				GCC_WARN_UNDECLARED_SELECTOR = YES;
				GCC_WARN_UNINITIALIZED_AUTOS = YES_AGGRESSIVE;
				GCC_WARN_UNUSED_FUNCTION = YES;
				GCC_WARN_UNUSED_VARIABLE = YES;
				IPHONEOS_DEPLOYMENT_TARGET = 15.5;
				MTL_ENABLE_DEBUG_INFO = NO;
				MTL_FAST_MATH = YES;
				SDKROOT = iphoneos;
				SWIFT_COMPILATION_MODE = wholemodule;
				SWIFT_OPTIMIZATION_LEVEL = "-O";
				VALIDATE_PRODUCT = YES;
			};
			name = Release;
		};
		4AE7208F28AC76E400FAF7FA /* Debug */ = {
			isa = XCBuildConfiguration;
			buildSettings = {
				ASSETCATALOG_COMPILER_APPICON_NAME = AppIcon;
				ASSETCATALOG_COMPILER_GLOBAL_ACCENT_COLOR_NAME = AccentColor;
				CODE_SIGN_STYLE = Automatic;
				CURRENT_PROJECT_VERSION = 1;
				DEVELOPMENT_ASSET_PATHS = "\"day 19 challenge/Preview Content\"";
				ENABLE_PREVIEWS = YES;
				GENERATE_INFOPLIST_FILE = YES;
				INFOPLIST_KEY_UIApplicationSceneManifest_Generation = YES;
				INFOPLIST_KEY_UIApplicationSupportsIndirectInputEvents = YES;
				INFOPLIST_KEY_UILaunchScreen_Generation = YES;
				INFOPLIST_KEY_UISupportedInterfaceOrientations_iPad = "UIInterfaceOrientationPortrait UIInterfaceOrientationPortraitUpsideDown UIInterfaceOrientationLandscapeLeft UIInterfaceOrientationLandscapeRight";
				INFOPLIST_KEY_UISupportedInterfaceOrientations_iPhone = "UIInterfaceOrientationPortrait UIInterfaceOrientationLandscapeLeft UIInterfaceOrientationLandscapeRight";
				LD_RUNPATH_SEARCH_PATHS = (
					"$(inherited)",
					"@executable_path/Frameworks",
				);
				MARKETING_VERSION = 1.0;
				PRODUCT_BUNDLE_IDENTIFIER = "com.payten.day-19-challenge";
				PRODUCT_NAME = "$(TARGET_NAME)";
				SWIFT_EMIT_LOC_STRINGS = YES;
				SWIFT_VERSION = 5.0;
				TARGETED_DEVICE_FAMILY = "1,2";
			};
			name = Debug;
		};
		4AE7209028AC76E400FAF7FA /* Release */ = {
			isa = XCBuildConfiguration;
			buildSettings = {
				ASSETCATALOG_COMPILER_APPICON_NAME = AppIcon;
				ASSETCATALOG_COMPILER_GLOBAL_ACCENT_COLOR_NAME = AccentColor;
				CODE_SIGN_STYLE = Automatic;
				CURRENT_PROJECT_VERSION = 1;
				DEVELOPMENT_ASSET_PATHS = "\"day 19 challenge/Preview Content\"";
				ENABLE_PREVIEWS = YES;
				GENERATE_INFOPLIST_FILE = YES;
				INFOPLIST_KEY_UIApplicationSceneManifest_Generation = YES;
				INFOPLIST_KEY_UIApplicationSupportsIndirectInputEvents = YES;
				INFOPLIST_KEY_UILaunchScreen_Generation = YES;
				INFOPLIST_KEY_UISupportedInterfaceOrientations_iPad = "UIInterfaceOrientationPortrait UIInterfaceOrientationPortraitUpsideDown UIInterfaceOrientationLandscapeLeft UIInterfaceOrientationLandscapeRight";
				INFOPLIST_KEY_UISupportedInterfaceOrientations_iPhone = "UIInterfaceOrientationPortrait UIInterfaceOrientationLandscapeLeft UIInterfaceOrientationLandscapeRight";
				LD_RUNPATH_SEARCH_PATHS = (
					"$(inherited)",
					"@executable_path/Frameworks",
				);
				MARKETING_VERSION = 1.0;
				PRODUCT_BUNDLE_IDENTIFIER = "com.payten.day-19-challenge";
				PRODUCT_NAME = "$(TARGET_NAME)";
				SWIFT_EMIT_LOC_STRINGS = YES;
				SWIFT_VERSION = 5.0;
				TARGETED_DEVICE_FAMILY = "1,2";
			};
			name = Release;
		};
		4AE7209228AC76E400FAF7FA /* Debug */ = {
			isa = XCBuildConfiguration;
			buildSettings = {
				ALWAYS_EMBED_SWIFT_STANDARD_LIBRARIES = YES;
				BUNDLE_LOADER = "$(TEST_HOST)";
				CODE_SIGN_STYLE = Automatic;
				CURRENT_PROJECT_VERSION = 1;
				GENERATE_INFOPLIST_FILE = YES;
				IPHONEOS_DEPLOYMENT_TARGET = 15.5;
				MARKETING_VERSION = 1.0;
				PRODUCT_BUNDLE_IDENTIFIER = "com.payten.day-19-challengeTests";
				PRODUCT_NAME = "$(TARGET_NAME)";
				SWIFT_EMIT_LOC_STRINGS = NO;
				SWIFT_VERSION = 5.0;
				TARGETED_DEVICE_FAMILY = "1,2";
				TEST_HOST = "$(BUILT_PRODUCTS_DIR)/day 19 challenge.app/day 19 challenge";
			};
			name = Debug;
		};
		4AE7209328AC76E400FAF7FA /* Release */ = {
			isa = XCBuildConfiguration;
			buildSettings = {
				ALWAYS_EMBED_SWIFT_STANDARD_LIBRARIES = YES;
				BUNDLE_LOADER = "$(TEST_HOST)";
				CODE_SIGN_STYLE = Automatic;
				CURRENT_PROJECT_VERSION = 1;
				GENERATE_INFOPLIST_FILE = YES;
				IPHONEOS_DEPLOYMENT_TARGET = 15.5;
				MARKETING_VERSION = 1.0;
				PRODUCT_BUNDLE_IDENTIFIER = "com.payten.day-19-challengeTests";
				PRODUCT_NAME = "$(TARGET_NAME)";
				SWIFT_EMIT_LOC_STRINGS = NO;
				SWIFT_VERSION = 5.0;
				TARGETED_DEVICE_FAMILY = "1,2";
				TEST_HOST = "$(BUILT_PRODUCTS_DIR)/day 19 challenge.app/day 19 challenge";
			};
			name = Release;
		};
		4AE7209528AC76E400FAF7FA /* Debug */ = {
			isa = XCBuildConfiguration;
			buildSettings = {
				ALWAYS_EMBED_SWIFT_STANDARD_LIBRARIES = YES;
				CODE_SIGN_STYLE = Automatic;
				CURRENT_PROJECT_VERSION = 1;
				GENERATE_INFOPLIST_FILE = YES;
				MARKETING_VERSION = 1.0;
				PRODUCT_BUNDLE_IDENTIFIER = "com.payten.day-19-challengeUITests";
				PRODUCT_NAME = "$(TARGET_NAME)";
				SWIFT_EMIT_LOC_STRINGS = NO;
				SWIFT_VERSION = 5.0;
				TARGETED_DEVICE_FAMILY = "1,2";
				TEST_TARGET_NAME = "day 19 challenge";
			};
			name = Debug;
		};
		4AE7209628AC76E400FAF7FA /* Release */ = {
			isa = XCBuildConfiguration;
			buildSettings = {
				ALWAYS_EMBED_SWIFT_STANDARD_LIBRARIES = YES;
				CODE_SIGN_STYLE = Automatic;
				CURRENT_PROJECT_VERSION = 1;
				GENERATE_INFOPLIST_FILE = YES;
				MARKETING_VERSION = 1.0;
				PRODUCT_BUNDLE_IDENTIFIER = "com.payten.day-19-challengeUITests";
				PRODUCT_NAME = "$(TARGET_NAME)";
				SWIFT_EMIT_LOC_STRINGS = NO;
				SWIFT_VERSION = 5.0;
				TARGETED_DEVICE_FAMILY = "1,2";
				TEST_TARGET_NAME = "day 19 challenge";
			};
			name = Release;
		};
/* End XCBuildConfiguration section */

/* Begin XCConfigurationList section */
		4AE7206528AC76E300FAF7FA /* Build configuration list for PBXProject "day 19 challenge" */ = {
			isa = XCConfigurationList;
			buildConfigurations = (
				4AE7208C28AC76E400FAF7FA /* Debug */,
				4AE7208D28AC76E400FAF7FA /* Release */,
			);
			defaultConfigurationIsVisible = 0;
			defaultConfigurationName = Release;
		};
		4AE7208E28AC76E400FAF7FA /* Build configuration list for PBXNativeTarget "day 19 challenge" */ = {
			isa = XCConfigurationList;
			buildConfigurations = (
				4AE7208F28AC76E400FAF7FA /* Debug */,
				4AE7209028AC76E400FAF7FA /* Release */,
			);
			defaultConfigurationIsVisible = 0;
			defaultConfigurationName = Release;
		};
		4AE7209128AC76E400FAF7FA /* Build configuration list for PBXNativeTarget "day 19 challengeTests" */ = {
			isa = XCConfigurationList;
			buildConfigurations = (
				4AE7209228AC76E400FAF7FA /* Debug */,
				4AE7209328AC76E400FAF7FA /* Release */,
			);
			defaultConfigurationIsVisible = 0;
			defaultConfigurationName = Release;
		};
		4AE7209428AC76E400FAF7FA /* Build configuration list for PBXNativeTarget "day 19 challengeUITests" */ = {
			isa = XCConfigurationList;
			buildConfigurations = (
				4AE7209528AC76E400FAF7FA /* Debug */,
				4AE7209628AC76E400FAF7FA /* Release */,
			);
			defaultConfigurationIsVisible = 0;
			defaultConfigurationName = Release;
		};
/* End XCConfigurationList section */
	};
	rootObject = 4AE7206228AC76E300FAF7FA /* Project object */;
}
